PODS:
  - Duvel (0.3.0)
  - Nimble (5.0.0)
  - Quick (0.10.0)

DEPENDENCIES:
  - Duvel (from `../`)
  - Nimble (~> 5.0)
  - Quick (~> 0.10)

EXTERNAL SOURCES:
  Duvel:
    :path: "../"

SPEC CHECKSUMS:
  Duvel: 976c604507ba443a10ee845b0cb1ec340805750d
  Nimble: 56fc9f5020effa2206de22c3dd910f4fb011b92f
  Quick: 5d290df1c69d5ee2f0729956dcf0fd9a30447eaa

PODFILE CHECKSUM: 3dd69f74130520d2cfe2055ddec08313f0537504

COCOAPODS: 1.0.1
